
Microsoft Visual Studio Solution File, Format Version 12.00
# Visual Studio Version 17
VisualStudioVersion = 17.2.32630.192
MinimumVisualStudioVersion = 10.0.40219.1
Project("{FAE04EC0-301F-11D3-BF4B-00C04F79EFBC}") = "Hrms.Api", "Hrms.Api\Hrms.Api.csproj", "{B66C59E7-523F-4074-BC7C-69F436A45BB4}"
EndProject
Project("{FAE04EC0-301F-11D3-BF4B-00C04F79EFBC}") = "Hrms.Core", "Hrms.Core\Hrms.Core.csproj", "{9FB8A9F4-84EE-4E65-8DC7-ACEFB75ECC46}"
EndProject
Project("{FAE04EC0-301F-11D3-BF4B-00C04F79EFBC}") = "Hrms.Infrastructure", "Hrms.Infrastructure\Hrms.Infrastructure.csproj", "{A9122F79-524D-4370-8825-7991ACD56C84}"
EndProject
Global
	GlobalSection(SolutionConfigurationPlatforms) = preSolution
		Debug|Any CPU = Debug|Any CPU
		Release|Any CPU = Release|Any CPU
	EndGlobalSection
	GlobalSection(ProjectConfigurationPlatforms) = postSolution
		{B66C59E7-523F-4074-BC7C-69F436A45BB4}.Debug|Any CPU.ActiveCfg = Debug|Any CPU
		{B66C59E7-523F-4074-BC7C-69F436A45BB4}.Debug|Any CPU.Build.0 = Debug|Any CPU
		{B66C59E7-523F-4074-BC7C-69F436A45BB4}.Release|Any CPU.ActiveCfg = Release|Any CPU
		{B66C59E7-523F-4074-BC7C-69F436A45BB4}.Release|Any CPU.Build.0 = Release|Any CPU
		{9FB8A9F4-84EE-4E65-8DC7-ACEFB75ECC46}.Debug|Any CPU.ActiveCfg = Debug|Any CPU
		{9FB8A9F4-84EE-4E65-8DC7-ACEFB75ECC46}.Debug|Any CPU.Build.0 = Debug|Any CPU
		{9FB8A9F4-84EE-4E65-8DC7-ACEFB75ECC46}.Release|Any CPU.ActiveCfg = Release|Any CPU
		{9FB8A9F4-84EE-4E65-8DC7-ACEFB75ECC46}.Release|Any CPU.Build.0 = Release|Any CPU
		{A9122F79-524D-4370-8825-7991ACD56C84}.Debug|Any CPU.ActiveCfg = Debug|Any CPU
		{A9122F79-524D-4370-8825-7991ACD56C84}.Debug|Any CPU.Build.0 = Debug|Any CPU
		{A9122F79-524D-4370-8825-7991ACD56C84}.Release|Any CPU.ActiveCfg = Release|Any CPU
		{A9122F79-524D-4370-8825-7991ACD56C84}.Release|Any CPU.Build.0 = Release|Any CPU
	EndGlobalSection
	GlobalSection(SolutionProperties) = preSolution
		HideSolutionNode = FALSE
	EndGlobalSection
	GlobalSection(ExtensibilityGlobals) = postSolution
		SolutionGuid = {14E4F950-7923-482E-9B32-93425E25E7A0}
	EndGlobalSection
EndGlobal
